
Microsoft Visual Studio Solution File, Format Version 12.00
# Visual Studio Version 17
VisualStudioVersion = 17.0.31912.275
MinimumVisualStudioVersion = 10.0.40219.1
Project("{FAE04EC0-301F-11D3-BF4B-00C04F79EFBC}") = "Product.API", "Product.API\Product.API.csproj", "{0281D0BB-B4C2-41CE-B100-D5999F4B7F64}"
EndProject
Global
	GlobalSection(SolutionConfigurationPlatforms) = preSolution
		Debug|Any CPU = Debug|Any CPU
		Release|Any CPU = Release|Any CPU
	EndGlobalSection
	GlobalSection(ProjectConfigurationPlatforms) = postSolution
		{0281D0BB-B4C2-41CE-B100-D5999F4B7F64}.Debug|Any CPU.ActiveCfg = Debug|Any CPU
		{0281D0BB-B4C2-41CE-B100-D5999F4B7F64}.Debug|Any CPU.Build.0 = Debug|Any CPU
		{0281D0BB-B4C2-41CE-B100-D5999F4B7F64}.Release|Any CPU.ActiveCfg = Release|Any CPU
		{0281D0BB-B4C2-41CE-B100-D5999F4B7F64}.Release|Any CPU.Build.0 = Release|Any CPU
	EndGlobalSection
	GlobalSection(SolutionProperties) = preSolution
		HideSolutionNode = FALSE
	EndGlobalSection
	GlobalSection(ExtensibilityGlobals) = postSolution
		SolutionGuid = {CE6B5E2B-5B1D-44C3-A076-0089B9E0E668}
	EndGlobalSection
EndGlobal
