
Microsoft Visual Studio Solution File, Format Version 12.00
# Visual Studio Version 17
VisualStudioVersion = 17.0.31912.275
MinimumVisualStudioVersion = 10.0.40219.1
Project("{FAE04EC0-301F-11D3-BF4B-00C04F79EFBC}") = "Product.Api", "Product.Api\Product.Api.csproj", "{B68DF910-97D3-4466-AA10-6DCA81415641}"
EndProject
Global
	GlobalSection(SolutionConfigurationPlatforms) = preSolution
		Debug|Any CPU = Debug|Any CPU
		Release|Any CPU = Release|Any CPU
	EndGlobalSection
	GlobalSection(ProjectConfigurationPlatforms) = postSolution
		{B68DF910-97D3-4466-AA10-6DCA81415641}.Debug|Any CPU.ActiveCfg = Debug|Any CPU
		{B68DF910-97D3-4466-AA10-6DCA81415641}.Debug|Any CPU.Build.0 = Debug|Any CPU
		{B68DF910-97D3-4466-AA10-6DCA81415641}.Release|Any CPU.ActiveCfg = Release|Any CPU
		{B68DF910-97D3-4466-AA10-6DCA81415641}.Release|Any CPU.Build.0 = Release|Any CPU
	EndGlobalSection
	GlobalSection(SolutionProperties) = preSolution
		HideSolutionNode = FALSE
	EndGlobalSection
	GlobalSection(ExtensibilityGlobals) = postSolution
		SolutionGuid = {CE6B5E2B-5B1D-44C3-A076-0089B9E0E668}
	EndGlobalSection
EndGlobal
